
Microsoft Visual Studio Solution File, Format Version 12.00
# Visual Studio Version 17
VisualStudioVersion = 17.5.33502.453
MinimumVisualStudioVersion = 10.0.40219.1
Project("{9A19103F-16F7-4668-BE54-9A1E7A4F7556}") = "App", "App\App.csproj", "{F449D438-6322-4445-8005-688646C59C4E}"
EndProject
Project("{2150E333-8FDC-42A3-9474-1A3956D46DE8}") = "Shop", "Shop", "{25C5EACB-E639-463D-B762-BA0E1B2D803C}"
EndProject
Project("{2150E333-8FDC-42A3-9474-1A3956D46DE8}") = "Common", "Common", "{64F2F5B5-856D-4D97-9A95-9F727631C08E}"
EndProject
Project("{2150E333-8FDC-42A3-9474-1A3956D46DE8}") = "EndPoint", "EndPoint", "{CC413BC5-991B-4698-BAD2-23B5A09DC2C8}"
EndProject
Project("{9A19103F-16F7-4668-BE54-9A1E7A4F7556}") = "Shop.Application", "Shop\Shop.Application\Shop.Application.csproj", "{575A45A3-D878-428D-9D26-55CBCE3E8D27}"
EndProject
Project("{9A19103F-16F7-4668-BE54-9A1E7A4F7556}") = "Shop.Domain", "Shop\Shop.Domain\Shop.Domain.csproj", "{C206B7D7-DBCD-4A09-8296-A2F85EBE01B2}"
EndProject
Project("{9A19103F-16F7-4668-BE54-9A1E7A4F7556}") = "Shop.Infrastructure", "Shop\Shop.Infrastructure\Shop.Infrastructure.csproj", "{8EE24D92-2420-43FC-A71E-6FAC67316AB4}"
EndProject
Project("{9A19103F-16F7-4668-BE54-9A1E7A4F7556}") = "Shop.Query", "Shop\Shop.Query\Shop.Query.csproj", "{BDB21551-BADD-4ABC-B278-8D7DFE0664BC}"
EndProject
Project("{9A19103F-16F7-4668-BE54-9A1E7A4F7556}") = "Common.Domain", "Common\Common.Domain\Common.Domain.csproj", "{8AC1827A-BDDD-4070-8E63-8211300B23B8}"
EndProject
Project("{9A19103F-16F7-4668-BE54-9A1E7A4F7556}") = "Common.Application", "Common\Common.Application\Common.Application.csproj", "{B93D877F-4561-49E1-B093-3FA0105019CA}"
EndProject
Project("{9A19103F-16F7-4668-BE54-9A1E7A4F7556}") = "Shop.Presentation.Facade", "Shop\Shop.Presentation.Facade\Shop.Presentation.Facade.csproj", "{E6F30A92-6FE9-448D-B490-80D2A8755C0D}"
EndProject
Project("{9A19103F-16F7-4668-BE54-9A1E7A4F7556}") = "Common.Query", "Common.Query\Common.Query.csproj", "{D066820F-F290-47D7-B7E3-C5763041A931}"
EndProject
Project("{9A19103F-16F7-4668-BE54-9A1E7A4F7556}") = "Common.AspNetCore", "Common.AspNetCore\Common.AspNetCore.csproj", "{ED0B99CE-C20C-40D6-BFD8-3931EDF9B2A0}"
EndProject
Project("{2150E333-8FDC-42A3-9474-1A3956D46DE8}") = "RazorPage", "RazorPage", "{82475FD2-3144-4616-9BDE-6BC3CD3A5423}"
EndProject
Project("{9A19103F-16F7-4668-BE54-9A1E7A4F7556}") = "AppRazorPage", "RazorPage\AppRazorPage\AppRazorPage.csproj", "{B6BA6932-F3A4-4A92-BACB-6C63892C6A26}"
EndProject
Project("{FAE04EC0-301F-11D3-BF4B-00C04F79EFBC}") = "Shop.Config", "Shop\Shop.Config\Shop.Config.csproj", "{A41002BD-C512-41CC-8FE4-70D3D9153D00}"
EndProject
Global
	GlobalSection(SolutionConfigurationPlatforms) = preSolution
		Debug|Any CPU = Debug|Any CPU
		Release|Any CPU = Release|Any CPU
	EndGlobalSection
	GlobalSection(ProjectConfigurationPlatforms) = postSolution
		{F449D438-6322-4445-8005-688646C59C4E}.Debug|Any CPU.ActiveCfg = Debug|Any CPU
		{F449D438-6322-4445-8005-688646C59C4E}.Debug|Any CPU.Build.0 = Debug|Any CPU
		{F449D438-6322-4445-8005-688646C59C4E}.Release|Any CPU.ActiveCfg = Release|Any CPU
		{F449D438-6322-4445-8005-688646C59C4E}.Release|Any CPU.Build.0 = Release|Any CPU
		{575A45A3-D878-428D-9D26-55CBCE3E8D27}.Debug|Any CPU.ActiveCfg = Debug|Any CPU
		{575A45A3-D878-428D-9D26-55CBCE3E8D27}.Debug|Any CPU.Build.0 = Debug|Any CPU
		{575A45A3-D878-428D-9D26-55CBCE3E8D27}.Release|Any CPU.ActiveCfg = Release|Any CPU
		{575A45A3-D878-428D-9D26-55CBCE3E8D27}.Release|Any CPU.Build.0 = Release|Any CPU
		{C206B7D7-DBCD-4A09-8296-A2F85EBE01B2}.Debug|Any CPU.ActiveCfg = Debug|Any CPU
		{C206B7D7-DBCD-4A09-8296-A2F85EBE01B2}.Debug|Any CPU.Build.0 = Debug|Any CPU
		{C206B7D7-DBCD-4A09-8296-A2F85EBE01B2}.Release|Any CPU.ActiveCfg = Release|Any CPU
		{C206B7D7-DBCD-4A09-8296-A2F85EBE01B2}.Release|Any CPU.Build.0 = Release|Any CPU
		{8EE24D92-2420-43FC-A71E-6FAC67316AB4}.Debug|Any CPU.ActiveCfg = Debug|Any CPU
		{8EE24D92-2420-43FC-A71E-6FAC67316AB4}.Debug|Any CPU.Build.0 = Debug|Any CPU
		{8EE24D92-2420-43FC-A71E-6FAC67316AB4}.Release|Any CPU.ActiveCfg = Release|Any CPU
		{8EE24D92-2420-43FC-A71E-6FAC67316AB4}.Release|Any CPU.Build.0 = Release|Any CPU
		{BDB21551-BADD-4ABC-B278-8D7DFE0664BC}.Debug|Any CPU.ActiveCfg = Debug|Any CPU
		{BDB21551-BADD-4ABC-B278-8D7DFE0664BC}.Debug|Any CPU.Build.0 = Debug|Any CPU
		{BDB21551-BADD-4ABC-B278-8D7DFE0664BC}.Release|Any CPU.ActiveCfg = Release|Any CPU
		{BDB21551-BADD-4ABC-B278-8D7DFE0664BC}.Release|Any CPU.Build.0 = Release|Any CPU
		{8AC1827A-BDDD-4070-8E63-8211300B23B8}.Debug|Any CPU.ActiveCfg = Debug|Any CPU
		{8AC1827A-BDDD-4070-8E63-8211300B23B8}.Debug|Any CPU.Build.0 = Debug|Any CPU
		{8AC1827A-BDDD-4070-8E63-8211300B23B8}.Release|Any CPU.ActiveCfg = Release|Any CPU
		{8AC1827A-BDDD-4070-8E63-8211300B23B8}.Release|Any CPU.Build.0 = Release|Any CPU
		{B93D877F-4561-49E1-B093-3FA0105019CA}.Debug|Any CPU.ActiveCfg = Debug|Any CPU
		{B93D877F-4561-49E1-B093-3FA0105019CA}.Debug|Any CPU.Build.0 = Debug|Any CPU
		{B93D877F-4561-49E1-B093-3FA0105019CA}.Release|Any CPU.ActiveCfg = Release|Any CPU
		{B93D877F-4561-49E1-B093-3FA0105019CA}.Release|Any CPU.Build.0 = Release|Any CPU
		{E6F30A92-6FE9-448D-B490-80D2A8755C0D}.Debug|Any CPU.ActiveCfg = Debug|Any CPU
		{E6F30A92-6FE9-448D-B490-80D2A8755C0D}.Debug|Any CPU.Build.0 = Debug|Any CPU
		{E6F30A92-6FE9-448D-B490-80D2A8755C0D}.Release|Any CPU.ActiveCfg = Release|Any CPU
		{E6F30A92-6FE9-448D-B490-80D2A8755C0D}.Release|Any CPU.Build.0 = Release|Any CPU
		{D066820F-F290-47D7-B7E3-C5763041A931}.Debug|Any CPU.ActiveCfg = Debug|Any CPU
		{D066820F-F290-47D7-B7E3-C5763041A931}.Debug|Any CPU.Build.0 = Debug|Any CPU
		{D066820F-F290-47D7-B7E3-C5763041A931}.Release|Any CPU.ActiveCfg = Release|Any CPU
		{D066820F-F290-47D7-B7E3-C5763041A931}.Release|Any CPU.Build.0 = Release|Any CPU
		{ED0B99CE-C20C-40D6-BFD8-3931EDF9B2A0}.Debug|Any CPU.ActiveCfg = Debug|Any CPU
		{ED0B99CE-C20C-40D6-BFD8-3931EDF9B2A0}.Debug|Any CPU.Build.0 = Debug|Any CPU
		{ED0B99CE-C20C-40D6-BFD8-3931EDF9B2A0}.Release|Any CPU.ActiveCfg = Release|Any CPU
		{ED0B99CE-C20C-40D6-BFD8-3931EDF9B2A0}.Release|Any CPU.Build.0 = Release|Any CPU
		{B6BA6932-F3A4-4A92-BACB-6C63892C6A26}.Debug|Any CPU.ActiveCfg = Debug|Any CPU
		{B6BA6932-F3A4-4A92-BACB-6C63892C6A26}.Debug|Any CPU.Build.0 = Debug|Any CPU
		{B6BA6932-F3A4-4A92-BACB-6C63892C6A26}.Release|Any CPU.ActiveCfg = Release|Any CPU
		{B6BA6932-F3A4-4A92-BACB-6C63892C6A26}.Release|Any CPU.Build.0 = Release|Any CPU
		{A41002BD-C512-41CC-8FE4-70D3D9153D00}.Debug|Any CPU.ActiveCfg = Debug|Any CPU
		{A41002BD-C512-41CC-8FE4-70D3D9153D00}.Debug|Any CPU.Build.0 = Debug|Any CPU
		{A41002BD-C512-41CC-8FE4-70D3D9153D00}.Release|Any CPU.ActiveCfg = Release|Any CPU
		{A41002BD-C512-41CC-8FE4-70D3D9153D00}.Release|Any CPU.Build.0 = Release|Any CPU
	EndGlobalSection
	GlobalSection(SolutionProperties) = preSolution
		HideSolutionNode = FALSE
	EndGlobalSection
	GlobalSection(NestedProjects) = preSolution
		{F449D438-6322-4445-8005-688646C59C4E} = {CC413BC5-991B-4698-BAD2-23B5A09DC2C8}
		{CC413BC5-991B-4698-BAD2-23B5A09DC2C8} = {25C5EACB-E639-463D-B762-BA0E1B2D803C}
		{575A45A3-D878-428D-9D26-55CBCE3E8D27} = {25C5EACB-E639-463D-B762-BA0E1B2D803C}
		{C206B7D7-DBCD-4A09-8296-A2F85EBE01B2} = {25C5EACB-E639-463D-B762-BA0E1B2D803C}
		{8EE24D92-2420-43FC-A71E-6FAC67316AB4} = {25C5EACB-E639-463D-B762-BA0E1B2D803C}
		{BDB21551-BADD-4ABC-B278-8D7DFE0664BC} = {25C5EACB-E639-463D-B762-BA0E1B2D803C}
		{8AC1827A-BDDD-4070-8E63-8211300B23B8} = {64F2F5B5-856D-4D97-9A95-9F727631C08E}
		{B93D877F-4561-49E1-B093-3FA0105019CA} = {64F2F5B5-856D-4D97-9A95-9F727631C08E}
		{E6F30A92-6FE9-448D-B490-80D2A8755C0D} = {25C5EACB-E639-463D-B762-BA0E1B2D803C}
		{D066820F-F290-47D7-B7E3-C5763041A931} = {64F2F5B5-856D-4D97-9A95-9F727631C08E}
		{ED0B99CE-C20C-40D6-BFD8-3931EDF9B2A0} = {64F2F5B5-856D-4D97-9A95-9F727631C08E}
		{B6BA6932-F3A4-4A92-BACB-6C63892C6A26} = {82475FD2-3144-4616-9BDE-6BC3CD3A5423}
		{A41002BD-C512-41CC-8FE4-70D3D9153D00} = {25C5EACB-E639-463D-B762-BA0E1B2D803C}
	EndGlobalSection
	GlobalSection(ExtensibilityGlobals) = postSolution
		SolutionGuid = {E10DA833-0897-4691-8EAA-F32AC94FB09C}
	EndGlobalSection
EndGlobal
